
Microsoft Visual Studio Solution File, Format Version 12.00
# Visual Studio Version 16
VisualStudioVersion = 16.0.30611.23
MinimumVisualStudioVersion = 10.0.40219.1
Project("{2150E333-8FDC-42A3-9474-1A3956D46DE8}") = "WasmWranglerDotNet", "WasmWranglerDotNet", "{C9A5FC8A-6F64-4AB9-8269-A9ACEB8BF432}"
	ProjectSection(SolutionItems) = preProject
		Directory.Build.props = Directory.Build.props
		Readme.md = Readme.md
	EndProjectSection
EndProject
Project("{2150E333-8FDC-42A3-9474-1A3956D46DE8}") = "src", "src", "{80D41EA8-8769-4D09-93CD-5FFA4860EE0F}"
EndProject
Project("{2150E333-8FDC-42A3-9474-1A3956D46DE8}") = "build", "build", "{0120F2A6-EFAC-4DC1-8C18-690BCA002CA7}"
	ProjectSection(SolutionItems) = preProject
		build\Wasm.props = build\Wasm.props
		build\Wasm.targets = build\Wasm.targets
	EndProjectSection
EndProject
Project("{2150E333-8FDC-42A3-9474-1A3956D46DE8}") = "samples", "samples", "{1A8617F3-099E-4372-AF71-5133F810D4B1}"
EndProject
Project("{9A19103F-16F7-4668-BE54-9A1E7A4F7556}") = "HelloWorld", "samples\HelloWorld\HelloWorld.csproj", "{F22C86A6-0257-43D1-84EC-C8B7B42AB4E6}"
EndProject
Global
	GlobalSection(SolutionConfigurationPlatforms) = preSolution
		Debug|Any CPU = Debug|Any CPU
		Release|Any CPU = Release|Any CPU
	EndGlobalSection
	GlobalSection(ProjectConfigurationPlatforms) = postSolution
		{F22C86A6-0257-43D1-84EC-C8B7B42AB4E6}.Debug|Any CPU.ActiveCfg = Debug|Any CPU
		{F22C86A6-0257-43D1-84EC-C8B7B42AB4E6}.Debug|Any CPU.Build.0 = Debug|Any CPU
		{F22C86A6-0257-43D1-84EC-C8B7B42AB4E6}.Release|Any CPU.ActiveCfg = Release|Any CPU
		{F22C86A6-0257-43D1-84EC-C8B7B42AB4E6}.Release|Any CPU.Build.0 = Release|Any CPU
	EndGlobalSection
	GlobalSection(SolutionProperties) = preSolution
		HideSolutionNode = FALSE
	EndGlobalSection
	GlobalSection(NestedProjects) = preSolution
		{80D41EA8-8769-4D09-93CD-5FFA4860EE0F} = {C9A5FC8A-6F64-4AB9-8269-A9ACEB8BF432}
		{0120F2A6-EFAC-4DC1-8C18-690BCA002CA7} = {C9A5FC8A-6F64-4AB9-8269-A9ACEB8BF432}
		{1A8617F3-099E-4372-AF71-5133F810D4B1} = {C9A5FC8A-6F64-4AB9-8269-A9ACEB8BF432}
		{F22C86A6-0257-43D1-84EC-C8B7B42AB4E6} = {1A8617F3-099E-4372-AF71-5133F810D4B1}
	EndGlobalSection
	GlobalSection(ExtensibilityGlobals) = postSolution
		SolutionGuid = {03562B31-F934-4FB1-B65F-2160026E7C33}
	EndGlobalSection
EndGlobal
