Microsoft Visual Studio Solution File, Format Version 12.00
# Visual Studio Version 16
VisualStudioVersion = 16.0.30611.23
MinimumVisualStudioVersion = 10.0.40219.1
Project("{2150E333-8FDC-42A3-9474-1A3956D46DE8}") = "WasmWrangler", "WasmWrangler", "{EEA339DA-6B5E-0D4B-3255-BFEF95601890}"
	ProjectSection(SolutionItems) = preProject
		.editorconfig = .editorconfig
		.gitignore = .gitignore
		build.cmd = build.cmd
		clean.cmd = clean.cmd
		Directory.Build.props = Directory.Build.props
		License.txt = License.txt
		pack.cmd = pack.cmd
		Readme.md = Readme.md
		release.cmd = release.cmd
		test.cmd = test.cmd
	EndProjectSection
EndProject
Project("{2150E333-8FDC-42A3-9474-1A3956D46DE8}") = ".github", ".github", "{B0EA404C-240F-4C30-A400-313319C58D46}"
EndProject
Project("{2150E333-8FDC-42A3-9474-1A3956D46DE8}") = "workflows", "workflows", "{94D1FE27-D101-0416-AD4A-616D259F5335}"
	ProjectSection(SolutionItems) = preProject
		.github\workflows\ci.yml = .github\workflows\ci.yml
	EndProjectSection
EndProject
Project("{2150E333-8FDC-42A3-9474-1A3956D46DE8}") = "assets", "assets", "{30E38536-52EC-A977-DD56-61C61F2BC558}"
	ProjectSection(SolutionItems) = preProject
		assets\Logo.pdn = assets\Logo.pdn
		assets\Logo.png = assets\Logo.png
	EndProjectSection
EndProject
Project("{2150E333-8FDC-42A3-9474-1A3956D46DE8}") = "build", "build", "{F94A7580-FB1B-106D-7358-5B046FE0A474}"
	ProjectSection(SolutionItems) = preProject
		build\Build.proj = build\Build.proj
		build\WasmEnsureSDKAvailable.proj = build\WasmEnsureSDKAvailable.proj
		build\WasmEnsureSDKAvailable.targets = build\WasmEnsureSDKAvailable.targets
	EndProjectSection
EndProject
Project("{2150E333-8FDC-42A3-9474-1A3956D46DE8}") = "docs", "docs", "{6A8BAB71-1BFB-3DAE-F247-E0286DA35E0D}"
	ProjectSection(SolutionItems) = preProject
		docs\MSBuildProps.md = docs\MSBuildProps.md
	EndProjectSection
EndProject
Project("{2150E333-8FDC-42A3-9474-1A3956D46DE8}") = "samples", "samples", "{ECDF3C43-C5FB-1B71-E2EE-148BAA19038D}"
	ProjectSection(SolutionItems) = preProject
		samples\Directory.Build.props = samples\Directory.Build.props
	EndProjectSection
EndProject
Project("{9A19103F-16F7-4668-BE54-9A1E7A4F7556}") = "HelloWorld.csproj", "samples\HelloWorld\HelloWorld.csproj", "{0B1A8398-5EA2-783F-E262-78C3935EB14F}"
EndProject
Project("{2150E333-8FDC-42A3-9474-1A3956D46DE8}") = "src", "src", "{E2ED7FF2-0B22-32CD-6AEE-3E86DDFD4EBD}"
EndProject
Project("{9A19103F-16F7-4668-BE54-9A1E7A4F7556}") = "WasmWrangler.csproj", "src\WasmWrangler\WasmWrangler.csproj", "{D1BE628E-9F4B-AF09-2653-140968EB7242}"
EndProject
Project("{9A19103F-16F7-4668-BE54-9A1E7A4F7556}") = "WasmWrangler.BindingGenerator.csproj", "src\WasmWrangler.BindingGenerator\WasmWrangler.BindingGenerator.csproj", "{D5E8D5FD-3C85-2841-42D5-0C8939AB3A06}"
EndProject
Project("{9A19103F-16F7-4668-BE54-9A1E7A4F7556}") = "WasmWrangler.Build.csproj", "src\WasmWrangler.Build\WasmWrangler.Build.csproj", "{45AB7B61-77EA-4109-FE4C-51024B1A250F}"
EndProject
Global
	GlobalSection(SolutionConfigurationPlatforms) = preSolution
		Debug|Any CPU = Debug|Any CPU
		Release|Any CPU = Release|Any CPU
	EndGlobalSection
	GlobalSection(ProjectConfigurationPlatforms) = postSolution
		{0B1A8398-5EA2-783F-E262-78C3935EB14F}.Debug|Any CPU.ActiveCfg = Debug|Any CPU
		{0B1A8398-5EA2-783F-E262-78C3935EB14F}.Debug|Any CPU.Build.0 = Debug|Any CPU
		{0B1A8398-5EA2-783F-E262-78C3935EB14F}.Release|Any CPU.ActiveCfg = Release|Any CPU
		{0B1A8398-5EA2-783F-E262-78C3935EB14F}.Release|Any CPU.Build.0 = Release|Any CPU
		{D1BE628E-9F4B-AF09-2653-140968EB7242}.Debug|Any CPU.ActiveCfg = Debug|Any CPU
		{D1BE628E-9F4B-AF09-2653-140968EB7242}.Debug|Any CPU.Build.0 = Debug|Any CPU
		{D1BE628E-9F4B-AF09-2653-140968EB7242}.Release|Any CPU.ActiveCfg = Release|Any CPU
		{D1BE628E-9F4B-AF09-2653-140968EB7242}.Release|Any CPU.Build.0 = Release|Any CPU
		{D5E8D5FD-3C85-2841-42D5-0C8939AB3A06}.Debug|Any CPU.ActiveCfg = Debug|Any CPU
		{D5E8D5FD-3C85-2841-42D5-0C8939AB3A06}.Debug|Any CPU.Build.0 = Debug|Any CPU
		{D5E8D5FD-3C85-2841-42D5-0C8939AB3A06}.Release|Any CPU.ActiveCfg = Release|Any CPU
		{D5E8D5FD-3C85-2841-42D5-0C8939AB3A06}.Release|Any CPU.Build.0 = Release|Any CPU
		{45AB7B61-77EA-4109-FE4C-51024B1A250F}.Debug|Any CPU.ActiveCfg = Debug|Any CPU
		{45AB7B61-77EA-4109-FE4C-51024B1A250F}.Debug|Any CPU.Build.0 = Debug|Any CPU
		{45AB7B61-77EA-4109-FE4C-51024B1A250F}.Release|Any CPU.ActiveCfg = Release|Any CPU
		{45AB7B61-77EA-4109-FE4C-51024B1A250F}.Release|Any CPU.Build.0 = Release|Any CPU
	EndGlobalSection
	GlobalSection(SolutionProperties) = preSolution
		HideSolutionNode = FALSE
	EndGlobalSection
	GlobalSection(NestedProjects) = preSolution
		{B0EA404C-240F-4C30-A400-313319C58D46} = {EEA339DA-6B5E-0D4B-3255-BFEF95601890}
		{94D1FE27-D101-0416-AD4A-616D259F5335} = {B0EA404C-240F-4C30-A400-313319C58D46}
		{30E38536-52EC-A977-DD56-61C61F2BC558} = {EEA339DA-6B5E-0D4B-3255-BFEF95601890}
		{F94A7580-FB1B-106D-7358-5B046FE0A474} = {EEA339DA-6B5E-0D4B-3255-BFEF95601890}
		{6A8BAB71-1BFB-3DAE-F247-E0286DA35E0D} = {EEA339DA-6B5E-0D4B-3255-BFEF95601890}
		{ECDF3C43-C5FB-1B71-E2EE-148BAA19038D} = {EEA339DA-6B5E-0D4B-3255-BFEF95601890}
		{0B1A8398-5EA2-783F-E262-78C3935EB14F} = {ECDF3C43-C5FB-1B71-E2EE-148BAA19038D}
		{E2ED7FF2-0B22-32CD-6AEE-3E86DDFD4EBD} = {EEA339DA-6B5E-0D4B-3255-BFEF95601890}
		{D1BE628E-9F4B-AF09-2653-140968EB7242} = {E2ED7FF2-0B22-32CD-6AEE-3E86DDFD4EBD}
		{D5E8D5FD-3C85-2841-42D5-0C8939AB3A06} = {E2ED7FF2-0B22-32CD-6AEE-3E86DDFD4EBD}
		{45AB7B61-77EA-4109-FE4C-51024B1A250F} = {E2ED7FF2-0B22-32CD-6AEE-3E86DDFD4EBD}
	EndGlobalSection
	GlobalSection(ExtensibilityGlobals) = postSolution
		SolutionGuid = {02704689-1EA9-503C-E92B-891D8F146DAE}
	EndGlobalSection
EndGlobal
