
Microsoft Visual Studio Solution File, Format Version 12.00
# Visual Studio Version 16
VisualStudioVersion = 16.0.30611.23
MinimumVisualStudioVersion = 10.0.40219.1
Project("{2150E333-8FDC-42A3-9474-1A3956D46DE8}") = "WasmWrangler", "WasmWrangler", "{C9A5FC8A-6F64-4AB9-8269-A9ACEB8BF432}"
	ProjectSection(SolutionItems) = preProject
		.editorconfig = .editorconfig
		.gitignore = .gitignore
		Directory.Build.props = Directory.Build.props
		nuget.config = nuget.config
		Readme.md = Readme.md
	EndProjectSection
EndProject
Project("{2150E333-8FDC-42A3-9474-1A3956D46DE8}") = "src", "src", "{80D41EA8-8769-4D09-93CD-5FFA4860EE0F}"
EndProject
Project("{2150E333-8FDC-42A3-9474-1A3956D46DE8}") = "samples", "samples", "{1A8617F3-099E-4372-AF71-5133F810D4B1}"
	ProjectSection(SolutionItems) = preProject
		samples\Directory.Build.props = samples\Directory.Build.props
	EndProjectSection
EndProject
Project("{9A19103F-16F7-4668-BE54-9A1E7A4F7556}") = "HelloWorld", "samples\HelloWorld\HelloWorld.csproj", "{F22C86A6-0257-43D1-84EC-C8B7B42AB4E6}"
EndProject
Project("{9A19103F-16F7-4668-BE54-9A1E7A4F7556}") = "WasmWrangler", "src\WasmWrangler\WasmWrangler.csproj", "{6FC0C401-956C-4FEC-A8E7-FF0BE5D3A16E}"
EndProject
Project("{2150E333-8FDC-42A3-9474-1A3956D46DE8}") = ".github", ".github", "{1F2D69ED-D587-4842-AAE5-511B08F2426F}"
EndProject
Project("{2150E333-8FDC-42A3-9474-1A3956D46DE8}") = "workflows", "workflows", "{1B672D7A-9F28-4EF3-A425-AACB8FC95905}"
	ProjectSection(SolutionItems) = preProject
		.github\workflows\ci.yml = .github\workflows\ci.yml
	EndProjectSection
EndProject
Project("{2150E333-8FDC-42A3-9474-1A3956D46DE8}") = "build", "build", "{E7C8BD18-9DD2-454F-919F-136EDFDD1B51}"
	ProjectSection(SolutionItems) = preProject
		build\Build.proj = build\Build.proj
		build\Build.props = build\Build.props
		build\GitVersion.targets = build\GitVersion.targets
		build\Project.props = build\Project.props
		build\WasmEnsureSDKAvailable.proj = build\WasmEnsureSDKAvailable.proj
		build\WasmEnsureSDKAvailable.targets = build\WasmEnsureSDKAvailable.targets
	EndProjectSection
EndProject
Project("{9A19103F-16F7-4668-BE54-9A1E7A4F7556}") = "WasmWrangler.Build", "src\WasmWrangler.Build\WasmWrangler.Build.csproj", "{F222D437-A4C7-4CBC-8B8D-83EE9372EABA}"
EndProject
Project("{2150E333-8FDC-42A3-9474-1A3956D46DE8}") = "docs", "docs", "{E2214A25-F5B5-4BA1-AB68-AF1257F7642C}"
	ProjectSection(SolutionItems) = preProject
		docs\MSBuildProps.md = docs\MSBuildProps.md
	EndProjectSection
EndProject
Project("{9A19103F-16F7-4668-BE54-9A1E7A4F7556}") = "WasmWrangler.BindingGenerator", "src\WasmWrangler.BindingGenerator\WasmWrangler.BindingGenerator.csproj", "{46A1534F-0EB4-4749-8A7B-20C0DEB779C2}"
EndProject
Global
	GlobalSection(SolutionConfigurationPlatforms) = preSolution
		Debug|Any CPU = Debug|Any CPU
		Release|Any CPU = Release|Any CPU
	EndGlobalSection
	GlobalSection(ProjectConfigurationPlatforms) = postSolution
		{F22C86A6-0257-43D1-84EC-C8B7B42AB4E6}.Debug|Any CPU.ActiveCfg = Debug|Any CPU
		{F22C86A6-0257-43D1-84EC-C8B7B42AB4E6}.Debug|Any CPU.Build.0 = Debug|Any CPU
		{F22C86A6-0257-43D1-84EC-C8B7B42AB4E6}.Release|Any CPU.ActiveCfg = Release|Any CPU
		{F22C86A6-0257-43D1-84EC-C8B7B42AB4E6}.Release|Any CPU.Build.0 = Release|Any CPU
		{6FC0C401-956C-4FEC-A8E7-FF0BE5D3A16E}.Debug|Any CPU.ActiveCfg = Debug|Any CPU
		{6FC0C401-956C-4FEC-A8E7-FF0BE5D3A16E}.Debug|Any CPU.Build.0 = Debug|Any CPU
		{6FC0C401-956C-4FEC-A8E7-FF0BE5D3A16E}.Release|Any CPU.ActiveCfg = Release|Any CPU
		{6FC0C401-956C-4FEC-A8E7-FF0BE5D3A16E}.Release|Any CPU.Build.0 = Release|Any CPU
		{F222D437-A4C7-4CBC-8B8D-83EE9372EABA}.Debug|Any CPU.ActiveCfg = Debug|Any CPU
		{F222D437-A4C7-4CBC-8B8D-83EE9372EABA}.Debug|Any CPU.Build.0 = Debug|Any CPU
		{F222D437-A4C7-4CBC-8B8D-83EE9372EABA}.Release|Any CPU.ActiveCfg = Release|Any CPU
		{F222D437-A4C7-4CBC-8B8D-83EE9372EABA}.Release|Any CPU.Build.0 = Release|Any CPU
		{46A1534F-0EB4-4749-8A7B-20C0DEB779C2}.Debug|Any CPU.ActiveCfg = Debug|Any CPU
		{46A1534F-0EB4-4749-8A7B-20C0DEB779C2}.Debug|Any CPU.Build.0 = Debug|Any CPU
		{46A1534F-0EB4-4749-8A7B-20C0DEB779C2}.Release|Any CPU.ActiveCfg = Release|Any CPU
		{46A1534F-0EB4-4749-8A7B-20C0DEB779C2}.Release|Any CPU.Build.0 = Release|Any CPU
	EndGlobalSection
	GlobalSection(SolutionProperties) = preSolution
		HideSolutionNode = FALSE
	EndGlobalSection
	GlobalSection(NestedProjects) = preSolution
		{80D41EA8-8769-4D09-93CD-5FFA4860EE0F} = {C9A5FC8A-6F64-4AB9-8269-A9ACEB8BF432}
		{1A8617F3-099E-4372-AF71-5133F810D4B1} = {C9A5FC8A-6F64-4AB9-8269-A9ACEB8BF432}
		{F22C86A6-0257-43D1-84EC-C8B7B42AB4E6} = {1A8617F3-099E-4372-AF71-5133F810D4B1}
		{6FC0C401-956C-4FEC-A8E7-FF0BE5D3A16E} = {80D41EA8-8769-4D09-93CD-5FFA4860EE0F}
		{1F2D69ED-D587-4842-AAE5-511B08F2426F} = {C9A5FC8A-6F64-4AB9-8269-A9ACEB8BF432}
		{1B672D7A-9F28-4EF3-A425-AACB8FC95905} = {1F2D69ED-D587-4842-AAE5-511B08F2426F}
		{E7C8BD18-9DD2-454F-919F-136EDFDD1B51} = {C9A5FC8A-6F64-4AB9-8269-A9ACEB8BF432}
		{F222D437-A4C7-4CBC-8B8D-83EE9372EABA} = {80D41EA8-8769-4D09-93CD-5FFA4860EE0F}
		{E2214A25-F5B5-4BA1-AB68-AF1257F7642C} = {C9A5FC8A-6F64-4AB9-8269-A9ACEB8BF432}
		{46A1534F-0EB4-4749-8A7B-20C0DEB779C2} = {80D41EA8-8769-4D09-93CD-5FFA4860EE0F}
	EndGlobalSection
	GlobalSection(ExtensibilityGlobals) = postSolution
		SolutionGuid = {03562B31-F934-4FB1-B65F-2160026E7C33}
	EndGlobalSection
EndGlobal
